// !$*UTF8*$!
{
	archiveVersion = 1;
	classes = {
	};
	objectVersion = 77;
	objects = {

/* Begin PBXBuildFile section */
		05D5F1100844986ABF0A1650 /* SearchBooksUseCase.swift in Sources */ = {isa = PBXBuildFile; fileRef = 6214A1588756D9EA18093290 /* SearchBooksUseCase.swift */; };
		080D742C7DF211E7CA9D637E /* BookListViewModel.swift in Sources */ = {isa = PBXBuildFile; fileRef = F508846727753DFFEADD618B /* BookListViewModel.swift */; };
		1588A16B06D20C0B3209A27E /* AddMemberViewModel.swift in Sources */ = {isa = PBXBuildFile; fileRef = 63FC60D9D9FB9B0F39958DB2 /* AddMemberViewModel.swift */; };
		186D0C2F270A8501826E18A2 /* LoginRequest.swift in Sources */ = {isa = PBXBuildFile; fileRef = 7FBB83E81FCA72A37334F165 /* LoginRequest.swift */; };
		2142EAB5DE6C30DFBE8526EE /* ListMembersUseCase.swift in Sources */ = {isa = PBXBuildFile; fileRef = 6A2B64BF5DA9AA5E9FA19E51 /* ListMembersUseCase.swift */; };
		28817F88E4764262C366D5B6 /* DebugSettingsView.swift in Sources */ = {isa = PBXBuildFile; fileRef = 79C496D46A957200ABDA1877 /* DebugSettingsView.swift */; };
		2964A3BABB3E426E5F8101C8 /* MemberListView.swift in Sources */ = {isa = PBXBuildFile; fileRef = C49A0BACA2A2075DBB698C6D /* MemberListView.swift */; };
		2AB2D522CAE1559D4E8BAC56 /* MemberRepository.swift in Sources */ = {isa = PBXBuildFile; fileRef = 1FD3C7B5634A25EBDB21FBF4 /* MemberRepository.swift */; };
		2DD4965253EDCDFAF6F804C6 /* LoginResult.swift in Sources */ = {isa = PBXBuildFile; fileRef = 0491352D5320F7FF53794AE2 /* LoginResult.swift */; };
		2DDA532D16D20AEB5B189D2F /* AddBookView.swift in Sources */ = {isa = PBXBuildFile; fileRef = EAE84A80E132F6D76C493A73 /* AddBookView.swift */; };
		2EF9624D4660B247BFD70719 /* Loan.swift in Sources */ = {isa = PBXBuildFile; fileRef = 5BF5E0DB142419FA504CEC94 /* Loan.swift */; };
		30B3EBE18FA58AFA3F51E88E /* RegisterBookUseCase.swift in Sources */ = {isa = PBXBuildFile; fileRef = 618524EF077715AB0E3B52C4 /* RegisterBookUseCase.swift */; };
		38F04731FE20459A49594C05 /* Book.swift in Sources */ = {isa = PBXBuildFile; fileRef = B73D17D69D43D36B309B6504 /* Book.swift */; };
		3A43C34095A595CA091FAC7D /* LoanConfirmationPage.swift in Sources */ = {isa = PBXBuildFile; fileRef = 80AFAF1FE7F00BD7F0133367 /* LoanConfirmationPage.swift */; };
		3BB5EF41EFB7F0A8FD7194A8 /* Member.swift in Sources */ = {isa = PBXBuildFile; fileRef = 707C3A3F6EC2564546EDA1B8 /* Member.swift */; };
		3CF593165181E32088A13781 /* AddBookViewModel.swift in Sources */ = {isa = PBXBuildFile; fileRef = ECCF19DD5BA53D1E349A257C /* AddBookViewModel.swift */; };
		3F27FA226EB53BFF46864232 /* SessionManager.swift in Sources */ = {isa = PBXBuildFile; fileRef = D84F5B0B4FB815ABF989AC83 /* SessionManager.swift */; };
		429FF2540732494AF88A75BB /* LoanConfirmationView.swift in Sources */ = {isa = PBXBuildFile; fileRef = A4980CA8630239555B710DC8 /* LoanConfirmationView.swift */; };
		44C3973F7EDF0F82A90278D5 /* AuthApiClient.swift in Sources */ = {isa = PBXBuildFile; fileRef = B647323DD2E1C773A2A74608 /* AuthApiClient.swift */; };
		48B035F0D9B711C976DAA286 /* MockURLProtocolSession.swift in Sources */ = {isa = PBXBuildFile; fileRef = 6DD68EC4D0ABE4715F40B2D7 /* MockURLProtocolSession.swift */; };
		54FB6A44D87A98B798321EEB /* LoginUseCase.swift in Sources */ = {isa = PBXBuildFile; fileRef = BFCD11AEB013E5C0B5E5F2B4 /* LoginUseCase.swift */; };
		5E28B3DF27987F9B6E3D4625 /* BookListView.swift in Sources */ = {isa = PBXBuildFile; fileRef = 71BC3473CA2950990E10307A /* BookListView.swift */; };
		62C791DCB4A3F01C16ACE4B6 /* AddMemberView.swift in Sources */ = {isa = PBXBuildFile; fileRef = 746548CC2B1EFD8ADEEF3CFA /* AddMemberView.swift */; };
		68C8B9ED968D3326AD35D626 /* CucumberSwift in Frameworks */ = {isa = PBXBuildFile; productRef = 21AEAE366289FC5CF167AA80 /* CucumberSwift */; };
		7C3785F1BAEB3677D58A5C00 /* MemberListPage.swift in Sources */ = {isa = PBXBuildFile; fileRef = 8C66812603029C8E8E31C16F /* MemberListPage.swift */; };
		815C083985A2B635C0101CDC /* BookRepository.swift in Sources */ = {isa = PBXBuildFile; fileRef = 0F415DEE0F444CC140E4CA3A /* BookRepository.swift */; };
		8765C5C62B4605BF95733136 /* LoanRepository.swift in Sources */ = {isa = PBXBuildFile; fileRef = A7FA804F11F81D6C7275C382 /* LoanRepository.swift */; };
		88EE47C08171C1B7987A729B /* InMemoryBookRepository.swift in Sources */ = {isa = PBXBuildFile; fileRef = 8FC7C830DCC106E39A1FF501 /* InMemoryBookRepository.swift */; };
		8A1E37801A0B548EC475D293 /* Features in Resources */ = {isa = PBXBuildFile; fileRef = 99126E16F92560E808E6F22A /* Features */; };
		8AE2FE4AA7F43D173FC7E754 /* RootView.swift in Sources */ = {isa = PBXBuildFile; fileRef = 94FCBCD33E1091562E53E136 /* RootView.swift */; };
		8CCC41F190422E4A892A9AC4 /* TopViewModel.swift in Sources */ = {isa = PBXBuildFile; fileRef = B2CA88C571E8C902A658B23B /* TopViewModel.swift */; };
		8F218C8D8FD2A626ED048BEB /* TopView.swift in Sources */ = {isa = PBXBuildFile; fileRef = 130DED50570ED7C1B91AD50A /* TopView.swift */; };
		9150C4808437340052487AC1 /* RepositoryError.swift in Sources */ = {isa = PBXBuildFile; fileRef = FF6E441786FA0D1FF7A9B6FA /* RepositoryError.swift */; };
		9450020D182DC6A32020174C /* TopPage.swift in Sources */ = {isa = PBXBuildFile; fileRef = 22B0A55990DD7091E119C9FD /* TopPage.swift */; };
		96EBB4D2E25C4A0BF4D223DE /* LoginView.swift in Sources */ = {isa = PBXBuildFile; fileRef = 6BCEB7FC844F649D4E6AC66E /* LoginView.swift */; };
		9860A980D96EA4332B7CCE9D /* AuthRepository.swift in Sources */ = {isa = PBXBuildFile; fileRef = D9B6D81E05BA4B5164A7118A /* AuthRepository.swift */; };
		9C27A580A2D6BCDB44E093ED /* LoginViewModel.swift in Sources */ = {isa = PBXBuildFile; fileRef = B1AEEAF912727C054DEF878D /* LoginViewModel.swift */; };
		A5ECB199BAE0357D0E1F540C /* RegisterMemberUseCase.swift in Sources */ = {isa = PBXBuildFile; fileRef = 4488DCFD6036D648F68C1A35 /* RegisterMemberUseCase.swift */; };
		AA9A092928339AAB3A5B6BBC /* StubAuthRepository.swift in Sources */ = {isa = PBXBuildFile; fileRef = FA055739DEEA1305D5EA8B48 /* StubAuthRepository.swift */; };
		ADC80B9B3CEA7D122D674879 /* BorrowBookUseCase.swift in Sources */ = {isa = PBXBuildFile; fileRef = 7A22A455D6D1298917680770 /* BorrowBookUseCase.swift */; };
		B4391BD62FFCBE0308704B14 /* InMemoryMemberRepository.swift in Sources */ = {isa = PBXBuildFile; fileRef = AE22D7CD438ECA81FFE3F21A /* InMemoryMemberRepository.swift */; };
		B533BFDADF2DEB476F986F75 /* LoginPage.swift in Sources */ = {isa = PBXBuildFile; fileRef = B2B172FA0D6A41A750DAFDD6 /* LoginPage.swift */; };
		C15521A39C4F43546B14E808 /* CucumberSwift in Frameworks */ = {isa = PBXBuildFile; productRef = A5DE66BC55DA1599797AED2D /* CucumberSwift */; };
		C206CEDB62DC411073B82428 /* LibrattaUITests.swift in Sources */ = {isa = PBXBuildFile; fileRef = CC4349A96423AB523D060A1E /* LibrattaUITests.swift */; };
		CAE04C2772D1E32449335177 /* SessionRepository.swift in Sources */ = {isa = PBXBuildFile; fileRef = F2A8FC236F1E46AF3A474F30 /* SessionRepository.swift */; };
		CBB517FD98F180BDEF700AE6 /* MemberListViewModel.swift in Sources */ = {isa = PBXBuildFile; fileRef = E3C8F2E7592936D7562F76A7 /* MemberListViewModel.swift */; };
		D0031185523F12B11DF05E91 /* ScenarioContext.swift in Sources */ = {isa = PBXBuildFile; fileRef = 16B633A557FDCA5F6A5F67BD /* ScenarioContext.swift */; };
		D24BEF25E58C36F7094657AF /* DummyDataGenerator.swift in Sources */ = {isa = PBXBuildFile; fileRef = 35A62872A3D14161B0EC37F4 /* DummyDataGenerator.swift */; };
		D50304C6E4B8D4730C8E04A7 /* AppDependencies.swift in Sources */ = {isa = PBXBuildFile; fileRef = E13A9E9FC435FECED6699A85 /* AppDependencies.swift */; };
		DBE7C4A4B182E748D17B0611 /* Features in Resources */ = {isa = PBXBuildFile; fileRef = 8D6A0A8C90BD80B2111D01E9 /* Features */; };
		DC4B4C98DF192E8E28B2C514 /* ReturnBookViewModel.swift in Sources */ = {isa = PBXBuildFile; fileRef = 96A2BA789883D5A19E9A2E0E /* ReturnBookViewModel.swift */; };
		E358783FE12E04A4EA85231D /* BookCatalogViewModel.swift in Sources */ = {isa = PBXBuildFile; fileRef = 912CC37B14CE0EE177C12A45 /* BookCatalogViewModel.swift */; };
		E424F65380CC71B2D1224268 /* InMemoryLoanRepository.swift in Sources */ = {isa = PBXBuildFile; fileRef = 7EEB881AC7D554CC99D9D4F4 /* InMemoryLoanRepository.swift */; };
		EA1F4BC7B0137EF240EE661A /* LibrattaTestRunner.swift in Sources */ = {isa = PBXBuildFile; fileRef = 6B199A200B3B9F15F6CE49A3 /* LibrattaTestRunner.swift */; };
		EBF4189F0603780D73157810 /* LibrattaApp.swift in Sources */ = {isa = PBXBuildFile; fileRef = 87437426360D90877C6D67BA /* LibrattaApp.swift */; };
		F2E799735119EE776292B844 /* InMemorySessionRepository.swift in Sources */ = {isa = PBXBuildFile; fileRef = DDD11DBF097A48F4DCCBD02B /* InMemorySessionRepository.swift */; };
		F2F2990CCF8324949A7C5411 /* ReturnBookUseCase.swift in Sources */ = {isa = PBXBuildFile; fileRef = DAC0D4F3D45FEF6565F1EFD9 /* ReturnBookUseCase.swift */; };
		F663B8B7EDA31A7A87DC63FD /* BookCatalogPage.swift in Sources */ = {isa = PBXBuildFile; fileRef = BEB19546042AE3A216203514 /* BookCatalogPage.swift */; };
		F6FB280BFB910FF0CD36F2E8 /* ReturnBookView.swift in Sources */ = {isa = PBXBuildFile; fileRef = 7DCF7D9B17D0DC99A4C1A765 /* ReturnBookView.swift */; };
		FD4782CD32B060FDF344F137 /* BookCatalogView.swift in Sources */ = {isa = PBXBuildFile; fileRef = FBB74BDEC74132F6D44044DD /* BookCatalogView.swift */; };
		FE631909F39D2634E7F535F8 /* Theme.swift in Sources */ = {isa = PBXBuildFile; fileRef = 1C7EBFF821D744F906184991 /* Theme.swift */; };
/* End PBXBuildFile section */

/* Begin PBXContainerItemProxy section */
		84EA85252DAEE7B213261FB3 /* PBXContainerItemProxy */ = {
			isa = PBXContainerItemProxy;
			containerPortal = 310350A90A5B15910AA16428 /* Project object */;
			proxyType = 1;
			remoteGlobalIDString = 137AB83F0FF0858FF1ED88CA;
			remoteInfo = Libratta;
		};
		D4108BCC1585197C1ECC9382 /* PBXContainerItemProxy */ = {
			isa = PBXContainerItemProxy;
			containerPortal = 310350A90A5B15910AA16428 /* Project object */;
			proxyType = 1;
			remoteGlobalIDString = 137AB83F0FF0858FF1ED88CA;
			remoteInfo = Libratta;
		};
/* End PBXContainerItemProxy section */

/* Begin PBXFileReference section */
		0491352D5320F7FF53794AE2 /* LoginResult.swift */ = {isa = PBXFileReference; lastKnownFileType = sourcecode.swift; path = LoginResult.swift; sourceTree = "<group>"; };
		0F415DEE0F444CC140E4CA3A /* BookRepository.swift */ = {isa = PBXFileReference; lastKnownFileType = sourcecode.swift; path = BookRepository.swift; sourceTree = "<group>"; };
		130DED50570ED7C1B91AD50A /* TopView.swift */ = {isa = PBXFileReference; lastKnownFileType = sourcecode.swift; path = TopView.swift; sourceTree = "<group>"; };
		16B633A557FDCA5F6A5F67BD /* ScenarioContext.swift */ = {isa = PBXFileReference; lastKnownFileType = sourcecode.swift; path = ScenarioContext.swift; sourceTree = "<group>"; };
		1C7EBFF821D744F906184991 /* Theme.swift */ = {isa = PBXFileReference; lastKnownFileType = sourcecode.swift; path = Theme.swift; sourceTree = "<group>"; };
		1FD3C7B5634A25EBDB21FBF4 /* MemberRepository.swift */ = {isa = PBXFileReference; lastKnownFileType = sourcecode.swift; path = MemberRepository.swift; sourceTree = "<group>"; };
		22B0A55990DD7091E119C9FD /* TopPage.swift */ = {isa = PBXFileReference; lastKnownFileType = sourcecode.swift; path = TopPage.swift; sourceTree = "<group>"; };
		35A62872A3D14161B0EC37F4 /* DummyDataGenerator.swift */ = {isa = PBXFileReference; lastKnownFileType = sourcecode.swift; path = DummyDataGenerator.swift; sourceTree = "<group>"; };
		4488DCFD6036D648F68C1A35 /* RegisterMemberUseCase.swift */ = {isa = PBXFileReference; lastKnownFileType = sourcecode.swift; path = RegisterMemberUseCase.swift; sourceTree = "<group>"; };
		5BF5E0DB142419FA504CEC94 /* Loan.swift */ = {isa = PBXFileReference; lastKnownFileType = sourcecode.swift; path = Loan.swift; sourceTree = "<group>"; };
		618524EF077715AB0E3B52C4 /* RegisterBookUseCase.swift */ = {isa = PBXFileReference; lastKnownFileType = sourcecode.swift; path = RegisterBookUseCase.swift; sourceTree = "<group>"; };
		6214A1588756D9EA18093290 /* SearchBooksUseCase.swift */ = {isa = PBXFileReference; lastKnownFileType = sourcecode.swift; path = SearchBooksUseCase.swift; sourceTree = "<group>"; };
		63FC60D9D9FB9B0F39958DB2 /* AddMemberViewModel.swift */ = {isa = PBXFileReference; lastKnownFileType = sourcecode.swift; path = AddMemberViewModel.swift; sourceTree = "<group>"; };
		6A2B64BF5DA9AA5E9FA19E51 /* ListMembersUseCase.swift */ = {isa = PBXFileReference; lastKnownFileType = sourcecode.swift; path = ListMembersUseCase.swift; sourceTree = "<group>"; };
		6B199A200B3B9F15F6CE49A3 /* LibrattaTestRunner.swift */ = {isa = PBXFileReference; lastKnownFileType = sourcecode.swift; path = LibrattaTestRunner.swift; sourceTree = "<group>"; };
		6BCEB7FC844F649D4E6AC66E /* LoginView.swift */ = {isa = PBXFileReference; lastKnownFileType = sourcecode.swift; path = LoginView.swift; sourceTree = "<group>"; };
		6DD68EC4D0ABE4715F40B2D7 /* MockURLProtocolSession.swift */ = {isa = PBXFileReference; lastKnownFileType = sourcecode.swift; path = MockURLProtocolSession.swift; sourceTree = "<group>"; };
		707C3A3F6EC2564546EDA1B8 /* Member.swift */ = {isa = PBXFileReference; lastKnownFileType = sourcecode.swift; path = Member.swift; sourceTree = "<group>"; };
		71BC3473CA2950990E10307A /* BookListView.swift */ = {isa = PBXFileReference; lastKnownFileType = sourcecode.swift; path = BookListView.swift; sourceTree = "<group>"; };
		746548CC2B1EFD8ADEEF3CFA /* AddMemberView.swift */ = {isa = PBXFileReference; lastKnownFileType = sourcecode.swift; path = AddMemberView.swift; sourceTree = "<group>"; };
		79C496D46A957200ABDA1877 /* DebugSettingsView.swift */ = {isa = PBXFileReference; lastKnownFileType = sourcecode.swift; path = DebugSettingsView.swift; sourceTree = "<group>"; };
		7A22A455D6D1298917680770 /* BorrowBookUseCase.swift */ = {isa = PBXFileReference; lastKnownFileType = sourcecode.swift; path = BorrowBookUseCase.swift; sourceTree = "<group>"; };
		7DCF7D9B17D0DC99A4C1A765 /* ReturnBookView.swift */ = {isa = PBXFileReference; lastKnownFileType = sourcecode.swift; path = ReturnBookView.swift; sourceTree = "<group>"; };
		7EEB881AC7D554CC99D9D4F4 /* InMemoryLoanRepository.swift */ = {isa = PBXFileReference; lastKnownFileType = sourcecode.swift; path = InMemoryLoanRepository.swift; sourceTree = "<group>"; };
		7FBB83E81FCA72A37334F165 /* LoginRequest.swift */ = {isa = PBXFileReference; lastKnownFileType = sourcecode.swift; path = LoginRequest.swift; sourceTree = "<group>"; };
		80AFAF1FE7F00BD7F0133367 /* LoanConfirmationPage.swift */ = {isa = PBXFileReference; lastKnownFileType = sourcecode.swift; path = LoanConfirmationPage.swift; sourceTree = "<group>"; };
		845E340E93B5DF60B417B6F9 /* Info.plist */ = {isa = PBXFileReference; lastKnownFileType = text.plist; path = Info.plist; sourceTree = "<group>"; };
		87437426360D90877C6D67BA /* LibrattaApp.swift */ = {isa = PBXFileReference; lastKnownFileType = sourcecode.swift; path = LibrattaApp.swift; sourceTree = "<group>"; };
		8C66812603029C8E8E31C16F /* MemberListPage.swift */ = {isa = PBXFileReference; lastKnownFileType = sourcecode.swift; path = MemberListPage.swift; sourceTree = "<group>"; };
		8D6A0A8C90BD80B2111D01E9 /* Features */ = {isa = PBXFileReference; lastKnownFileType = folder; name = Features; path = LibrattaUITests/Features; sourceTree = SOURCE_ROOT; };
		8FC7C830DCC106E39A1FF501 /* InMemoryBookRepository.swift */ = {isa = PBXFileReference; lastKnownFileType = sourcecode.swift; path = InMemoryBookRepository.swift; sourceTree = "<group>"; };
		911F60F49122D23F99E9CDD4 /* Info.plist */ = {isa = PBXFileReference; lastKnownFileType = text.plist; path = Info.plist; sourceTree = "<group>"; };
		912CC37B14CE0EE177C12A45 /* BookCatalogViewModel.swift */ = {isa = PBXFileReference; lastKnownFileType = sourcecode.swift; path = BookCatalogViewModel.swift; sourceTree = "<group>"; };
		94FCBCD33E1091562E53E136 /* RootView.swift */ = {isa = PBXFileReference; lastKnownFileType = sourcecode.swift; path = RootView.swift; sourceTree = "<group>"; };
		96A2BA789883D5A19E9A2E0E /* ReturnBookViewModel.swift */ = {isa = PBXFileReference; lastKnownFileType = sourcecode.swift; path = ReturnBookViewModel.swift; sourceTree = "<group>"; };
		99126E16F92560E808E6F22A /* Features */ = {isa = PBXFileReference; lastKnownFileType = folder; name = Features; path = LibrattaTests/Features; sourceTree = SOURCE_ROOT; };
		A4980CA8630239555B710DC8 /* LoanConfirmationView.swift */ = {isa = PBXFileReference; lastKnownFileType = sourcecode.swift; path = LoanConfirmationView.swift; sourceTree = "<group>"; };
		A7FA804F11F81D6C7275C382 /* LoanRepository.swift */ = {isa = PBXFileReference; lastKnownFileType = sourcecode.swift; path = LoanRepository.swift; sourceTree = "<group>"; };
		AE22D7CD438ECA81FFE3F21A /* InMemoryMemberRepository.swift */ = {isa = PBXFileReference; lastKnownFileType = sourcecode.swift; path = InMemoryMemberRepository.swift; sourceTree = "<group>"; };
		B1AEEAF912727C054DEF878D /* LoginViewModel.swift */ = {isa = PBXFileReference; lastKnownFileType = sourcecode.swift; path = LoginViewModel.swift; sourceTree = "<group>"; };
		B2B172FA0D6A41A750DAFDD6 /* LoginPage.swift */ = {isa = PBXFileReference; lastKnownFileType = sourcecode.swift; path = LoginPage.swift; sourceTree = "<group>"; };
		B2CA88C571E8C902A658B23B /* TopViewModel.swift */ = {isa = PBXFileReference; lastKnownFileType = sourcecode.swift; path = TopViewModel.swift; sourceTree = "<group>"; };
		B647323DD2E1C773A2A74608 /* AuthApiClient.swift */ = {isa = PBXFileReference; lastKnownFileType = sourcecode.swift; path = AuthApiClient.swift; sourceTree = "<group>"; };
		B73D17D69D43D36B309B6504 /* Book.swift */ = {isa = PBXFileReference; lastKnownFileType = sourcecode.swift; path = Book.swift; sourceTree = "<group>"; };
		BEB19546042AE3A216203514 /* BookCatalogPage.swift */ = {isa = PBXFileReference; lastKnownFileType = sourcecode.swift; path = BookCatalogPage.swift; sourceTree = "<group>"; };
		BFCD11AEB013E5C0B5E5F2B4 /* LoginUseCase.swift */ = {isa = PBXFileReference; lastKnownFileType = sourcecode.swift; path = LoginUseCase.swift; sourceTree = "<group>"; };
		C49A0BACA2A2075DBB698C6D /* MemberListView.swift */ = {isa = PBXFileReference; lastKnownFileType = sourcecode.swift; path = MemberListView.swift; sourceTree = "<group>"; };
		C8A71A9F45D8D6698FFB438E /* Info.plist */ = {isa = PBXFileReference; lastKnownFileType = text.plist; path = Info.plist; sourceTree = "<group>"; };
		CC4349A96423AB523D060A1E /* LibrattaUITests.swift */ = {isa = PBXFileReference; lastKnownFileType = sourcecode.swift; path = LibrattaUITests.swift; sourceTree = "<group>"; };
		D84F5B0B4FB815ABF989AC83 /* SessionManager.swift */ = {isa = PBXFileReference; lastKnownFileType = sourcecode.swift; path = SessionManager.swift; sourceTree = "<group>"; };
		D9B6D81E05BA4B5164A7118A /* AuthRepository.swift */ = {isa = PBXFileReference; lastKnownFileType = sourcecode.swift; path = AuthRepository.swift; sourceTree = "<group>"; };
		DAC0D4F3D45FEF6565F1EFD9 /* ReturnBookUseCase.swift */ = {isa = PBXFileReference; lastKnownFileType = sourcecode.swift; path = ReturnBookUseCase.swift; sourceTree = "<group>"; };
		DDD11DBF097A48F4DCCBD02B /* InMemorySessionRepository.swift */ = {isa = PBXFileReference; lastKnownFileType = sourcecode.swift; path = InMemorySessionRepository.swift; sourceTree = "<group>"; };
		E13A9E9FC435FECED6699A85 /* AppDependencies.swift */ = {isa = PBXFileReference; lastKnownFileType = sourcecode.swift; path = AppDependencies.swift; sourceTree = "<group>"; };
		E3C8F2E7592936D7562F76A7 /* MemberListViewModel.swift */ = {isa = PBXFileReference; lastKnownFileType = sourcecode.swift; path = MemberListViewModel.swift; sourceTree = "<group>"; };
		EAE84A80E132F6D76C493A73 /* AddBookView.swift */ = {isa = PBXFileReference; lastKnownFileType = sourcecode.swift; path = AddBookView.swift; sourceTree = "<group>"; };
		ECCF19DD5BA53D1E349A257C /* AddBookViewModel.swift */ = {isa = PBXFileReference; lastKnownFileType = sourcecode.swift; path = AddBookViewModel.swift; sourceTree = "<group>"; };
		F1F78E3A072FFE6747C32935 /* LibrattaTests.xctest */ = {isa = PBXFileReference; includeInIndex = 0; lastKnownFileType = wrapper.cfbundle; path = LibrattaTests.xctest; sourceTree = BUILT_PRODUCTS_DIR; };
		F2A8FC236F1E46AF3A474F30 /* SessionRepository.swift */ = {isa = PBXFileReference; lastKnownFileType = sourcecode.swift; path = SessionRepository.swift; sourceTree = "<group>"; };
		F508846727753DFFEADD618B /* BookListViewModel.swift */ = {isa = PBXFileReference; lastKnownFileType = sourcecode.swift; path = BookListViewModel.swift; sourceTree = "<group>"; };
		FA055739DEEA1305D5EA8B48 /* StubAuthRepository.swift */ = {isa = PBXFileReference; lastKnownFileType = sourcecode.swift; path = StubAuthRepository.swift; sourceTree = "<group>"; };
		FBB74BDEC74132F6D44044DD /* BookCatalogView.swift */ = {isa = PBXFileReference; lastKnownFileType = sourcecode.swift; path = BookCatalogView.swift; sourceTree = "<group>"; };
		FBE989BD0327C619608F153D /* Libratta.app */ = {isa = PBXFileReference; includeInIndex = 0; lastKnownFileType = wrapper.application; path = Libratta.app; sourceTree = BUILT_PRODUCTS_DIR; };
		FF1D774B18149D4C4F30D8F3 /* LibrattaUITests.xctest */ = {isa = PBXFileReference; includeInIndex = 0; lastKnownFileType = wrapper.cfbundle; path = LibrattaUITests.xctest; sourceTree = BUILT_PRODUCTS_DIR; };
		FF6E441786FA0D1FF7A9B6FA /* RepositoryError.swift */ = {isa = PBXFileReference; lastKnownFileType = sourcecode.swift; path = RepositoryError.swift; sourceTree = "<group>"; };
/* End PBXFileReference section */

/* Begin PBXFrameworksBuildPhase section */
		267AD9410D0C0096325E012D /* Frameworks */ = {
			isa = PBXFrameworksBuildPhase;
			buildActionMask = 2147483647;
			files = (
				C15521A39C4F43546B14E808 /* CucumberSwift in Frameworks */,
			);
			runOnlyForDeploymentPostprocessing = 0;
		};
		F6F6BCE4E7BC9287ABF0B824 /* Frameworks */ = {
			isa = PBXFrameworksBuildPhase;
			buildActionMask = 2147483647;
			files = (
				68C8B9ED968D3326AD35D626 /* CucumberSwift in Frameworks */,
			);
			runOnlyForDeploymentPostprocessing = 0;
		};
/* End PBXFrameworksBuildPhase section */

/* Begin PBXGroup section */
		14EE803BBF7D2C5A451B048A /* PageObjects */ = {
			isa = PBXGroup;
			children = (
				BEB19546042AE3A216203514 /* BookCatalogPage.swift */,
				80AFAF1FE7F00BD7F0133367 /* LoanConfirmationPage.swift */,
				B2B172FA0D6A41A750DAFDD6 /* LoginPage.swift */,
				8C66812603029C8E8E31C16F /* MemberListPage.swift */,
				22B0A55990DD7091E119C9FD /* TopPage.swift */,
			);
			path = PageObjects;
			sourceTree = "<group>";
		};
		1D3556A222DF6315A724EBB7 /* LibrattaUITests */ = {
			isa = PBXGroup;
			children = (
				C8A71A9F45D8D6698FFB438E /* Info.plist */,
				CC4349A96423AB523D060A1E /* LibrattaUITests.swift */,
				14EE803BBF7D2C5A451B048A /* PageObjects */,
			);
			path = LibrattaUITests;
			sourceTree = "<group>";
		};
		236727CEE147ADE8C7193ABE /* Libratta */ = {
			isa = PBXGroup;
			children = (
				845E340E93B5DF60B417B6F9 /* Info.plist */,
				1C7EBFF821D744F906184991 /* Theme.swift */,
				EBCB3EBA69D072AEEBF444BD /* App */,
				D439BEB09A1840F083FD7B00 /* ViewModels */,
				98E26DF56C7827DB0BEE2B5D /* Views */,
			);
			path = Libratta;
			sourceTree = "<group>";
		};
		3FF8DCA756268AD32A296EF6 /* UseCases */ = {
			isa = PBXGroup;
			children = (
				7A22A455D6D1298917680770 /* BorrowBookUseCase.swift */,
				6A2B64BF5DA9AA5E9FA19E51 /* ListMembersUseCase.swift */,
				618524EF077715AB0E3B52C4 /* RegisterBookUseCase.swift */,
				4488DCFD6036D648F68C1A35 /* RegisterMemberUseCase.swift */,
				DAC0D4F3D45FEF6565F1EFD9 /* ReturnBookUseCase.swift */,
				6214A1588756D9EA18093290 /* SearchBooksUseCase.swift */,
			);
			path = UseCases;
			sourceTree = "<group>";
		};
		46DA0C6F2562E6A1F2C22E54 /* Models */ = {
			isa = PBXGroup;
			children = (
				B73D17D69D43D36B309B6504 /* Book.swift */,
				5BF5E0DB142419FA504CEC94 /* Loan.swift */,
				707C3A3F6EC2564546EDA1B8 /* Member.swift */,
			);
			path = Models;
			sourceTree = "<group>";
		};
		535EB6B2420A068257178059 /* Auth */ = {
			isa = PBXGroup;
			children = (
				B647323DD2E1C773A2A74608 /* AuthApiClient.swift */,
				D9B6D81E05BA4B5164A7118A /* AuthRepository.swift */,
				7FBB83E81FCA72A37334F165 /* LoginRequest.swift */,
				0491352D5320F7FF53794AE2 /* LoginResult.swift */,
				BFCD11AEB013E5C0B5E5F2B4 /* LoginUseCase.swift */,
				FA055739DEEA1305D5EA8B48 /* StubAuthRepository.swift */,
			);
			path = Auth;
			sourceTree = "<group>";
		};
		6069D6E3874EC5C93E203DC8 /* Repositories */ = {
			isa = PBXGroup;
			children = (
				0F415DEE0F444CC140E4CA3A /* BookRepository.swift */,
				A7FA804F11F81D6C7275C382 /* LoanRepository.swift */,
				1FD3C7B5634A25EBDB21FBF4 /* MemberRepository.swift */,
				FF6E441786FA0D1FF7A9B6FA /* RepositoryError.swift */,
				7349F208290E07FA5B782569 /* InMemory */,
			);
			path = Repositories;
			sourceTree = "<group>";
		};
		7349F208290E07FA5B782569 /* InMemory */ = {
			isa = PBXGroup;
			children = (
				8FC7C830DCC106E39A1FF501 /* InMemoryBookRepository.swift */,
				7EEB881AC7D554CC99D9D4F4 /* InMemoryLoanRepository.swift */,
				AE22D7CD438ECA81FFE3F21A /* InMemoryMemberRepository.swift */,
			);
			path = InMemory;
			sourceTree = "<group>";
		};
		7C89437A95345723B5E7BC8D /* CucumberRunner */ = {
			isa = PBXGroup;
			children = (
				6B199A200B3B9F15F6CE49A3 /* LibrattaTestRunner.swift */,
				16B633A557FDCA5F6A5F67BD /* ScenarioContext.swift */,
			);
			path = CucumberRunner;
			sourceTree = "<group>";
		};
		98E26DF56C7827DB0BEE2B5D /* Views */ = {
			isa = PBXGroup;
			children = (
				EAE84A80E132F6D76C493A73 /* AddBookView.swift */,
				746548CC2B1EFD8ADEEF3CFA /* AddMemberView.swift */,
				FBB74BDEC74132F6D44044DD /* BookCatalogView.swift */,
				71BC3473CA2950990E10307A /* BookListView.swift */,
				79C496D46A957200ABDA1877 /* DebugSettingsView.swift */,
				A4980CA8630239555B710DC8 /* LoanConfirmationView.swift */,
				6BCEB7FC844F649D4E6AC66E /* LoginView.swift */,
				C49A0BACA2A2075DBB698C6D /* MemberListView.swift */,
				7DCF7D9B17D0DC99A4C1A765 /* ReturnBookView.swift */,
				130DED50570ED7C1B91AD50A /* TopView.swift */,
			);
			path = Views;
			sourceTree = "<group>";
		};
		A88C2D92A306C5120197C6EB /* Support */ = {
			isa = PBXGroup;
			children = (
				6DD68EC4D0ABE4715F40B2D7 /* MockURLProtocolSession.swift */,
			);
			path = Support;
			sourceTree = "<group>";
		};
		B2856F3F7B42DF7478B938E5 /* Libratta */ = {
			isa = PBXGroup;
			children = (
				535EB6B2420A068257178059 /* Auth */,
				F2A766CC2A85A77E03EE6A62 /* Debug */,
				46DA0C6F2562E6A1F2C22E54 /* Models */,
				6069D6E3874EC5C93E203DC8 /* Repositories */,
				E974E265012C43EB58DD3400 /* Session */,
				3FF8DCA756268AD32A296EF6 /* UseCases */,
			);
			name = Libratta;
			path = Sources/Libratta;
			sourceTree = "<group>";
		};
		CE6C64AF630B9534E2BDCFB6 = {
			isa = PBXGroup;
			children = (
				99126E16F92560E808E6F22A /* Features */,
				8D6A0A8C90BD80B2111D01E9 /* Features */,
				236727CEE147ADE8C7193ABE /* Libratta */,
				B2856F3F7B42DF7478B938E5 /* Libratta */,
				EB4D4282BF5DC8B90192A4A7 /* LibrattaTests */,
				1D3556A222DF6315A724EBB7 /* LibrattaUITests */,
				FE9C85F1630A0DE606DC8BE7 /* Products */,
			);
			sourceTree = "<group>";
		};
		D439BEB09A1840F083FD7B00 /* ViewModels */ = {
			isa = PBXGroup;
			children = (
				ECCF19DD5BA53D1E349A257C /* AddBookViewModel.swift */,
				63FC60D9D9FB9B0F39958DB2 /* AddMemberViewModel.swift */,
				912CC37B14CE0EE177C12A45 /* BookCatalogViewModel.swift */,
				F508846727753DFFEADD618B /* BookListViewModel.swift */,
				B1AEEAF912727C054DEF878D /* LoginViewModel.swift */,
				E3C8F2E7592936D7562F76A7 /* MemberListViewModel.swift */,
				96A2BA789883D5A19E9A2E0E /* ReturnBookViewModel.swift */,
				B2CA88C571E8C902A658B23B /* TopViewModel.swift */,
			);
			path = ViewModels;
			sourceTree = "<group>";
		};
		E974E265012C43EB58DD3400 /* Session */ = {
			isa = PBXGroup;
			children = (
				DDD11DBF097A48F4DCCBD02B /* InMemorySessionRepository.swift */,
				D84F5B0B4FB815ABF989AC83 /* SessionManager.swift */,
				F2A8FC236F1E46AF3A474F30 /* SessionRepository.swift */,
			);
			path = Session;
			sourceTree = "<group>";
		};
		EB4D4282BF5DC8B90192A4A7 /* LibrattaTests */ = {
			isa = PBXGroup;
			children = (
				911F60F49122D23F99E9CDD4 /* Info.plist */,
				7C89437A95345723B5E7BC8D /* CucumberRunner */,
				A88C2D92A306C5120197C6EB /* Support */,
			);
			path = LibrattaTests;
			sourceTree = "<group>";
		};
		EBCB3EBA69D072AEEBF444BD /* App */ = {
			isa = PBXGroup;
			children = (
				E13A9E9FC435FECED6699A85 /* AppDependencies.swift */,
				87437426360D90877C6D67BA /* LibrattaApp.swift */,
				94FCBCD33E1091562E53E136 /* RootView.swift */,
			);
			path = App;
			sourceTree = "<group>";
		};
		F2A766CC2A85A77E03EE6A62 /* Debug */ = {
			isa = PBXGroup;
			children = (
				35A62872A3D14161B0EC37F4 /* DummyDataGenerator.swift */,
			);
			path = Debug;
			sourceTree = "<group>";
		};
		FE9C85F1630A0DE606DC8BE7 /* Products */ = {
			isa = PBXGroup;
			children = (
				FBE989BD0327C619608F153D /* Libratta.app */,
				F1F78E3A072FFE6747C32935 /* LibrattaTests.xctest */,
				FF1D774B18149D4C4F30D8F3 /* LibrattaUITests.xctest */,
			);
			name = Products;
			sourceTree = "<group>";
		};
/* End PBXGroup section */

/* Begin PBXNativeTarget section */
		137AB83F0FF0858FF1ED88CA /* Libratta */ = {
			isa = PBXNativeTarget;
			buildConfigurationList = 69A7E773DD64B4205F1A2BB2 /* Build configuration list for PBXNativeTarget "Libratta" */;
			buildPhases = (
				F6BDC0C6DB4D636E4D73465A /* Sources */,
			);
			buildRules = (
			);
			dependencies = (
			);
			name = Libratta;
			packageProductDependencies = (
			);
			productName = Libratta;
			productReference = FBE989BD0327C619608F153D /* Libratta.app */;
			productType = "com.apple.product-type.application";
		};
		2594DED67B0E0515DF6C2E61 /* LibrattaUITests */ = {
			isa = PBXNativeTarget;
			buildConfigurationList = 519D00CB5C4BE2B066767805 /* Build configuration list for PBXNativeTarget "LibrattaUITests" */;
			buildPhases = (
				41AC5874D5555A1CE1DD0098 /* Sources */,
				19BEB00CFB4C32BB31D37E32 /* Resources */,
				F6F6BCE4E7BC9287ABF0B824 /* Frameworks */,
			);
			buildRules = (
			);
			dependencies = (
				F7C5A600A24609E11670C532 /* PBXTargetDependency */,
			);
			name = LibrattaUITests;
			packageProductDependencies = (
				21AEAE366289FC5CF167AA80 /* CucumberSwift */,
			);
			productName = LibrattaUITests;
			productReference = FF1D774B18149D4C4F30D8F3 /* LibrattaUITests.xctest */;
			productType = "com.apple.product-type.bundle.ui-testing";
		};
		57E3C0336C43AAE89E802403 /* LibrattaTests */ = {
			isa = PBXNativeTarget;
			buildConfigurationList = D7E462D2AD0CB7644552F8D1 /* Build configuration list for PBXNativeTarget "LibrattaTests" */;
			buildPhases = (
				34C131F3EAC5266793EE2986 /* Sources */,
				95B4C8551DDB3A5275F023E8 /* Resources */,
				267AD9410D0C0096325E012D /* Frameworks */,
			);
			buildRules = (
			);
			dependencies = (
				31322A8DF4D630D8755D4438 /* PBXTargetDependency */,
			);
			name = LibrattaTests;
			packageProductDependencies = (
				A5DE66BC55DA1599797AED2D /* CucumberSwift */,
			);
			productName = LibrattaTests;
			productReference = F1F78E3A072FFE6747C32935 /* LibrattaTests.xctest */;
			productType = "com.apple.product-type.bundle.unit-test";
		};
/* End PBXNativeTarget section */

/* Begin PBXProject section */
		310350A90A5B15910AA16428 /* Project object */ = {
			isa = PBXProject;
			attributes = {
				BuildIndependentTargetsInParallel = YES;
				LastUpgradeCheck = 1430;
				TargetAttributes = {
					2594DED67B0E0515DF6C2E61 = {
						TestTargetID = 137AB83F0FF0858FF1ED88CA;
					};
				};
			};
			buildConfigurationList = 6B26B23F42D7618D07C7E9E8 /* Build configuration list for PBXProject "Libratta" */;
			developmentRegion = en;
			hasScannedForEncodings = 0;
			knownRegions = (
				Base,
				en,
			);
			mainGroup = CE6C64AF630B9534E2BDCFB6;
			minimizedProjectReferenceProxies = 1;
			packageReferences = (
				AA86C6194623D5A4389C0BB9 /* XCRemoteSwiftPackageReference "CucumberSwift" */,
			);
			preferredProjectObjectVersion = 77;
			productRefGroup = FE9C85F1630A0DE606DC8BE7 /* Products */;
			projectDirPath = "";
			projectRoot = "";
			targets = (
				137AB83F0FF0858FF1ED88CA /* Libratta */,
				57E3C0336C43AAE89E802403 /* LibrattaTests */,
				2594DED67B0E0515DF6C2E61 /* LibrattaUITests */,
			);
		};
/* End PBXProject section */

/* Begin PBXResourcesBuildPhase section */
		19BEB00CFB4C32BB31D37E32 /* Resources */ = {
			isa = PBXResourcesBuildPhase;
			buildActionMask = 2147483647;
			files = (
				DBE7C4A4B182E748D17B0611 /* Features in Resources */,
			);
			runOnlyForDeploymentPostprocessing = 0;
		};
		95B4C8551DDB3A5275F023E8 /* Resources */ = {
			isa = PBXResourcesBuildPhase;
			buildActionMask = 2147483647;
			files = (
				8A1E37801A0B548EC475D293 /* Features in Resources */,
			);
			runOnlyForDeploymentPostprocessing = 0;
		};
/* End PBXResourcesBuildPhase section */

/* Begin PBXSourcesBuildPhase section */
		34C131F3EAC5266793EE2986 /* Sources */ = {
			isa = PBXSourcesBuildPhase;
			buildActionMask = 2147483647;
			files = (
				EA1F4BC7B0137EF240EE661A /* LibrattaTestRunner.swift in Sources */,
				48B035F0D9B711C976DAA286 /* MockURLProtocolSession.swift in Sources */,
				D0031185523F12B11DF05E91 /* ScenarioContext.swift in Sources */,
			);
			runOnlyForDeploymentPostprocessing = 0;
		};
		41AC5874D5555A1CE1DD0098 /* Sources */ = {
			isa = PBXSourcesBuildPhase;
			buildActionMask = 2147483647;
			files = (
				F663B8B7EDA31A7A87DC63FD /* BookCatalogPage.swift in Sources */,
				C206CEDB62DC411073B82428 /* LibrattaUITests.swift in Sources */,
				3A43C34095A595CA091FAC7D /* LoanConfirmationPage.swift in Sources */,
				B533BFDADF2DEB476F986F75 /* LoginPage.swift in Sources */,
				7C3785F1BAEB3677D58A5C00 /* MemberListPage.swift in Sources */,
				9450020D182DC6A32020174C /* TopPage.swift in Sources */,
			);
			runOnlyForDeploymentPostprocessing = 0;
		};
		F6BDC0C6DB4D636E4D73465A /* Sources */ = {
			isa = PBXSourcesBuildPhase;
			buildActionMask = 2147483647;
			files = (
				2DDA532D16D20AEB5B189D2F /* AddBookView.swift in Sources */,
				3CF593165181E32088A13781 /* AddBookViewModel.swift in Sources */,
				62C791DCB4A3F01C16ACE4B6 /* AddMemberView.swift in Sources */,
				1588A16B06D20C0B3209A27E /* AddMemberViewModel.swift in Sources */,
				D50304C6E4B8D4730C8E04A7 /* AppDependencies.swift in Sources */,
				44C3973F7EDF0F82A90278D5 /* AuthApiClient.swift in Sources */,
				9860A980D96EA4332B7CCE9D /* AuthRepository.swift in Sources */,
				38F04731FE20459A49594C05 /* Book.swift in Sources */,
				FD4782CD32B060FDF344F137 /* BookCatalogView.swift in Sources */,
				E358783FE12E04A4EA85231D /* BookCatalogViewModel.swift in Sources */,
				5E28B3DF27987F9B6E3D4625 /* BookListView.swift in Sources */,
				080D742C7DF211E7CA9D637E /* BookListViewModel.swift in Sources */,
				815C083985A2B635C0101CDC /* BookRepository.swift in Sources */,
				ADC80B9B3CEA7D122D674879 /* BorrowBookUseCase.swift in Sources */,
				28817F88E4764262C366D5B6 /* DebugSettingsView.swift in Sources */,
				D24BEF25E58C36F7094657AF /* DummyDataGenerator.swift in Sources */,
				88EE47C08171C1B7987A729B /* InMemoryBookRepository.swift in Sources */,
				E424F65380CC71B2D1224268 /* InMemoryLoanRepository.swift in Sources */,
				B4391BD62FFCBE0308704B14 /* InMemoryMemberRepository.swift in Sources */,
				F2E799735119EE776292B844 /* InMemorySessionRepository.swift in Sources */,
				EBF4189F0603780D73157810 /* LibrattaApp.swift in Sources */,
				2142EAB5DE6C30DFBE8526EE /* ListMembersUseCase.swift in Sources */,
				2EF9624D4660B247BFD70719 /* Loan.swift in Sources */,
				429FF2540732494AF88A75BB /* LoanConfirmationView.swift in Sources */,
				8765C5C62B4605BF95733136 /* LoanRepository.swift in Sources */,
				186D0C2F270A8501826E18A2 /* LoginRequest.swift in Sources */,
				2DD4965253EDCDFAF6F804C6 /* LoginResult.swift in Sources */,
				54FB6A44D87A98B798321EEB /* LoginUseCase.swift in Sources */,
				96EBB4D2E25C4A0BF4D223DE /* LoginView.swift in Sources */,
				9C27A580A2D6BCDB44E093ED /* LoginViewModel.swift in Sources */,
				3BB5EF41EFB7F0A8FD7194A8 /* Member.swift in Sources */,
				2964A3BABB3E426E5F8101C8 /* MemberListView.swift in Sources */,
				CBB517FD98F180BDEF700AE6 /* MemberListViewModel.swift in Sources */,
				2AB2D522CAE1559D4E8BAC56 /* MemberRepository.swift in Sources */,
				30B3EBE18FA58AFA3F51E88E /* RegisterBookUseCase.swift in Sources */,
				A5ECB199BAE0357D0E1F540C /* RegisterMemberUseCase.swift in Sources */,
				9150C4808437340052487AC1 /* RepositoryError.swift in Sources */,
				F2F2990CCF8324949A7C5411 /* ReturnBookUseCase.swift in Sources */,
				F6FB280BFB910FF0CD36F2E8 /* ReturnBookView.swift in Sources */,
				DC4B4C98DF192E8E28B2C514 /* ReturnBookViewModel.swift in Sources */,
				8AE2FE4AA7F43D173FC7E754 /* RootView.swift in Sources */,
				05D5F1100844986ABF0A1650 /* SearchBooksUseCase.swift in Sources */,
				3F27FA226EB53BFF46864232 /* SessionManager.swift in Sources */,
				CAE04C2772D1E32449335177 /* SessionRepository.swift in Sources */,
				AA9A092928339AAB3A5B6BBC /* StubAuthRepository.swift in Sources */,
				FE631909F39D2634E7F535F8 /* Theme.swift in Sources */,
				8F218C8D8FD2A626ED048BEB /* TopView.swift in Sources */,
				8CCC41F190422E4A892A9AC4 /* TopViewModel.swift in Sources */,
			);
			runOnlyForDeploymentPostprocessing = 0;
		};
/* End PBXSourcesBuildPhase section */

/* Begin PBXTargetDependency section */
		31322A8DF4D630D8755D4438 /* PBXTargetDependency */ = {
			isa = PBXTargetDependency;
			target = 137AB83F0FF0858FF1ED88CA /* Libratta */;
			targetProxy = D4108BCC1585197C1ECC9382 /* PBXContainerItemProxy */;
		};
		F7C5A600A24609E11670C532 /* PBXTargetDependency */ = {
			isa = PBXTargetDependency;
			target = 137AB83F0FF0858FF1ED88CA /* Libratta */;
			targetProxy = 84EA85252DAEE7B213261FB3 /* PBXContainerItemProxy */;
		};
/* End PBXTargetDependency section */

/* Begin XCBuildConfiguration section */
		07F2D9B08FAE31EF2AEAD82A /* Debug */ = {
			isa = XCBuildConfiguration;
			buildSettings = {
				BUNDLE_LOADER = "$(TEST_HOST)";
				INFOPLIST_FILE = LibrattaTests/Info.plist;
				LD_RUNPATH_SEARCH_PATHS = (
					"$(inherited)",
					"@executable_path/Frameworks",
					"@loader_path/Frameworks",
				);
				PRODUCT_BUNDLE_IDENTIFIER = com.example.LibrattaTests;
				SDKROOT = iphoneos;
				TARGETED_DEVICE_FAMILY = "1,2";
				TEST_HOST = "$(BUILT_PRODUCTS_DIR)/Libratta.app/$(BUNDLE_EXECUTABLE_FOLDER_PATH)/Libratta";
			};
			name = Debug;
		};
		257C75CFAC4E7A92F652E9FC /* Debug */ = {
			isa = XCBuildConfiguration;
			buildSettings = {
				ASSETCATALOG_COMPILER_APPICON_NAME = AppIcon;
				CODE_SIGN_IDENTITY = "iPhone Developer";
				INFOPLIST_FILE = Libratta/Info.plist;
				LD_RUNPATH_SEARCH_PATHS = (
					"$(inherited)",
					"@executable_path/Frameworks",
				);
				PRODUCT_BUNDLE_IDENTIFIER = com.example.libratta;
				SDKROOT = iphoneos;
				TARGETED_DEVICE_FAMILY = "1,2";
			};
			name = Debug;
		};
		6741C06FDAF940FBC562A1A6 /* Release */ = {
			isa = XCBuildConfiguration;
			buildSettings = {
				ASSETCATALOG_COMPILER_APPICON_NAME = AppIcon;
				CODE_SIGN_IDENTITY = "iPhone Developer";
				INFOPLIST_FILE = Libratta/Info.plist;
				LD_RUNPATH_SEARCH_PATHS = (
					"$(inherited)",
					"@executable_path/Frameworks",
				);
				PRODUCT_BUNDLE_IDENTIFIER = com.example.libratta;
				SDKROOT = iphoneos;
				TARGETED_DEVICE_FAMILY = "1,2";
			};
			name = Release;
		};
		7C03DA01C38CDB85FA8221BB /* Debug */ = {
			isa = XCBuildConfiguration;
			buildSettings = {
				BUNDLE_LOADER = "$(TEST_HOST)";
				INFOPLIST_FILE = LibrattaUITests/Info.plist;
				LD_RUNPATH_SEARCH_PATHS = (
					"$(inherited)",
					"@executable_path/Frameworks",
					"@loader_path/Frameworks",
				);
				PRODUCT_BUNDLE_IDENTIFIER = com.example.LibrattaUITests;
				SDKROOT = iphoneos;
				TARGETED_DEVICE_FAMILY = "1,2";
				TEST_TARGET_NAME = Libratta;
			};
			name = Debug;
		};
		7C9F1D51EC52B0E43011B04E /* Debug */ = {
			isa = XCBuildConfiguration;
			buildSettings = {
				ALWAYS_SEARCH_USER_PATHS = NO;
				CLANG_ANALYZER_NONNULL = YES;
				CLANG_ANALYZER_NUMBER_OBJECT_CONVERSION = YES_AGGRESSIVE;
				CLANG_CXX_LANGUAGE_STANDARD = "gnu++14";
				CLANG_CXX_LIBRARY = "libc++";
				CLANG_ENABLE_MODULES = YES;
				CLANG_ENABLE_OBJC_ARC = YES;
				CLANG_ENABLE_OBJC_WEAK = YES;
				CLANG_WARN_BLOCK_CAPTURE_AUTORELEASING = YES;
				CLANG_WARN_BOOL_CONVERSION = YES;
				CLANG_WARN_COMMA = YES;
				CLANG_WARN_CONSTANT_CONVERSION = YES;
				CLANG_WARN_DEPRECATED_OBJC_IMPLEMENTATIONS = YES;
				CLANG_WARN_DIRECT_OBJC_ISA_USAGE = YES_ERROR;
				CLANG_WARN_DOCUMENTATION_COMMENTS = YES;
				CLANG_WARN_EMPTY_BODY = YES;
				CLANG_WARN_ENUM_CONVERSION = YES;
				CLANG_WARN_INFINITE_RECURSION = YES;
				CLANG_WARN_INT_CONVERSION = YES;
				CLANG_WARN_NON_LITERAL_NULL_CONVERSION = YES;
				CLANG_WARN_OBJC_IMPLICIT_RETAIN_SELF = YES;
				CLANG_WARN_OBJC_LITERAL_CONVERSION = YES;
				CLANG_WARN_OBJC_ROOT_CLASS = YES_ERROR;
				CLANG_WARN_QUOTED_INCLUDE_IN_FRAMEWORK_HEADER = YES;
				CLANG_WARN_RANGE_LOOP_ANALYSIS = YES;
				CLANG_WARN_STRICT_PROTOTYPES = YES;
				CLANG_WARN_SUSPICIOUS_MOVE = YES;
				CLANG_WARN_UNGUARDED_AVAILABILITY = YES_AGGRESSIVE;
				CLANG_WARN_UNREACHABLE_CODE = YES;
				CLANG_WARN__DUPLICATE_METHOD_MATCH = YES;
				COPY_PHASE_STRIP = NO;
				DEBUG_INFORMATION_FORMAT = dwarf;
				ENABLE_STRICT_OBJC_MSGSEND = YES;
				ENABLE_TESTABILITY = YES;
				GCC_C_LANGUAGE_STANDARD = gnu11;
				GCC_DYNAMIC_NO_PIC = NO;
				GCC_NO_COMMON_BLOCKS = YES;
				GCC_OPTIMIZATION_LEVEL = 0;
				GCC_PREPROCESSOR_DEFINITIONS = (
					"$(inherited)",
					"DEBUG=1",
				);
				GCC_WARN_64_TO_32_BIT_CONVERSION = YES;
				GCC_WARN_ABOUT_RETURN_TYPE = YES_ERROR;
				GCC_WARN_UNDECLARED_SELECTOR = YES;
				GCC_WARN_UNINITIALIZED_AUTOS = YES_AGGRESSIVE;
				GCC_WARN_UNUSED_FUNCTION = YES;
				GCC_WARN_UNUSED_VARIABLE = YES;
				IPHONEOS_DEPLOYMENT_TARGET = 17.0;
				MTL_ENABLE_DEBUG_INFO = INCLUDE_SOURCE;
				MTL_FAST_MATH = YES;
				ONLY_ACTIVE_ARCH = YES;
				PRODUCT_NAME = "$(TARGET_NAME)";
				SDKROOT = iphoneos;
				SWIFT_ACTIVE_COMPILATION_CONDITIONS = DEBUG;
				SWIFT_OPTIMIZATION_LEVEL = "-Onone";
				SWIFT_VERSION = 6.0;
			};
			name = Debug;
		};
		88BE4CD23D9CB57C074D22FD /* Release */ = {
			isa = XCBuildConfiguration;
			buildSettings = {
				ALWAYS_SEARCH_USER_PATHS = NO;
				CLANG_ANALYZER_NONNULL = YES;
				CLANG_ANALYZER_NUMBER_OBJECT_CONVERSION = YES_AGGRESSIVE;
				CLANG_CXX_LANGUAGE_STANDARD = "gnu++14";
				CLANG_CXX_LIBRARY = "libc++";
				CLANG_ENABLE_MODULES = YES;
				CLANG_ENABLE_OBJC_ARC = YES;
				CLANG_ENABLE_OBJC_WEAK = YES;
				CLANG_WARN_BLOCK_CAPTURE_AUTORELEASING = YES;
				CLANG_WARN_BOOL_CONVERSION = YES;
				CLANG_WARN_COMMA = YES;
				CLANG_WARN_CONSTANT_CONVERSION = YES;
				CLANG_WARN_DEPRECATED_OBJC_IMPLEMENTATIONS = YES;
				CLANG_WARN_DIRECT_OBJC_ISA_USAGE = YES_ERROR;
				CLANG_WARN_DOCUMENTATION_COMMENTS = YES;
				CLANG_WARN_EMPTY_BODY = YES;
				CLANG_WARN_ENUM_CONVERSION = YES;
				CLANG_WARN_INFINITE_RECURSION = YES;
				CLANG_WARN_INT_CONVERSION = YES;
				CLANG_WARN_NON_LITERAL_NULL_CONVERSION = YES;
				CLANG_WARN_OBJC_IMPLICIT_RETAIN_SELF = YES;
				CLANG_WARN_OBJC_LITERAL_CONVERSION = YES;
				CLANG_WARN_OBJC_ROOT_CLASS = YES_ERROR;
				CLANG_WARN_QUOTED_INCLUDE_IN_FRAMEWORK_HEADER = YES;
				CLANG_WARN_RANGE_LOOP_ANALYSIS = YES;
				CLANG_WARN_STRICT_PROTOTYPES = YES;
				CLANG_WARN_SUSPICIOUS_MOVE = YES;
				CLANG_WARN_UNGUARDED_AVAILABILITY = YES_AGGRESSIVE;
				CLANG_WARN_UNREACHABLE_CODE = YES;
				CLANG_WARN__DUPLICATE_METHOD_MATCH = YES;
				COPY_PHASE_STRIP = NO;
				DEBUG_INFORMATION_FORMAT = "dwarf-with-dsym";
				ENABLE_NS_ASSERTIONS = NO;
				ENABLE_STRICT_OBJC_MSGSEND = YES;
				GCC_C_LANGUAGE_STANDARD = gnu11;
				GCC_NO_COMMON_BLOCKS = YES;
				GCC_WARN_64_TO_32_BIT_CONVERSION = YES;
				GCC_WARN_ABOUT_RETURN_TYPE = YES_ERROR;
				GCC_WARN_UNDECLARED_SELECTOR = YES;
				GCC_WARN_UNINITIALIZED_AUTOS = YES_AGGRESSIVE;
				GCC_WARN_UNUSED_FUNCTION = YES;
				GCC_WARN_UNUSED_VARIABLE = YES;
				IPHONEOS_DEPLOYMENT_TARGET = 17.0;
				MTL_ENABLE_DEBUG_INFO = NO;
				MTL_FAST_MATH = YES;
				PRODUCT_NAME = "$(TARGET_NAME)";
				SDKROOT = iphoneos;
				SWIFT_COMPILATION_MODE = wholemodule;
				SWIFT_OPTIMIZATION_LEVEL = "-O";
				SWIFT_VERSION = 6.0;
			};
			name = Release;
		};
		A2567E9C7B11E24DE9B663BA /* Release */ = {
			isa = XCBuildConfiguration;
			buildSettings = {
				BUNDLE_LOADER = "$(TEST_HOST)";
				INFOPLIST_FILE = LibrattaUITests/Info.plist;
				LD_RUNPATH_SEARCH_PATHS = (
					"$(inherited)",
					"@executable_path/Frameworks",
					"@loader_path/Frameworks",
				);
				PRODUCT_BUNDLE_IDENTIFIER = com.example.LibrattaUITests;
				SDKROOT = iphoneos;
				TARGETED_DEVICE_FAMILY = "1,2";
				TEST_TARGET_NAME = Libratta;
			};
			name = Release;
		};
		F7EE98F88EAF6F7EC157E823 /* Release */ = {
			isa = XCBuildConfiguration;
			buildSettings = {
				BUNDLE_LOADER = "$(TEST_HOST)";
				INFOPLIST_FILE = LibrattaTests/Info.plist;
				LD_RUNPATH_SEARCH_PATHS = (
					"$(inherited)",
					"@executable_path/Frameworks",
					"@loader_path/Frameworks",
				);
				PRODUCT_BUNDLE_IDENTIFIER = com.example.LibrattaTests;
				SDKROOT = iphoneos;
				TARGETED_DEVICE_FAMILY = "1,2";
				TEST_HOST = "$(BUILT_PRODUCTS_DIR)/Libratta.app/$(BUNDLE_EXECUTABLE_FOLDER_PATH)/Libratta";
			};
			name = Release;
		};
/* End XCBuildConfiguration section */

/* Begin XCConfigurationList section */
		519D00CB5C4BE2B066767805 /* Build configuration list for PBXNativeTarget "LibrattaUITests" */ = {
			isa = XCConfigurationList;
			buildConfigurations = (
				7C03DA01C38CDB85FA8221BB /* Debug */,
				A2567E9C7B11E24DE9B663BA /* Release */,
			);
			defaultConfigurationIsVisible = 0;
			defaultConfigurationName = Debug;
		};
		69A7E773DD64B4205F1A2BB2 /* Build configuration list for PBXNativeTarget "Libratta" */ = {
			isa = XCConfigurationList;
			buildConfigurations = (
				257C75CFAC4E7A92F652E9FC /* Debug */,
				6741C06FDAF940FBC562A1A6 /* Release */,
			);
			defaultConfigurationIsVisible = 0;
			defaultConfigurationName = Debug;
		};
		6B26B23F42D7618D07C7E9E8 /* Build configuration list for PBXProject "Libratta" */ = {
			isa = XCConfigurationList;
			buildConfigurations = (
				7C9F1D51EC52B0E43011B04E /* Debug */,
				88BE4CD23D9CB57C074D22FD /* Release */,
			);
			defaultConfigurationIsVisible = 0;
			defaultConfigurationName = Debug;
		};
		D7E462D2AD0CB7644552F8D1 /* Build configuration list for PBXNativeTarget "LibrattaTests" */ = {
			isa = XCConfigurationList;
			buildConfigurations = (
				07F2D9B08FAE31EF2AEAD82A /* Debug */,
				F7EE98F88EAF6F7EC157E823 /* Release */,
			);
			defaultConfigurationIsVisible = 0;
			defaultConfigurationName = Debug;
		};
/* End XCConfigurationList section */

/* Begin XCRemoteSwiftPackageReference section */
		AA86C6194623D5A4389C0BB9 /* XCRemoteSwiftPackageReference "CucumberSwift" */ = {
			isa = XCRemoteSwiftPackageReference;
			repositoryURL = "https://github.com/cucumberswift/CucumberSwift";
			requirement = {
				kind = upToNextMajorVersion;
				minimumVersion = 5.0.9;
			};
		};
/* End XCRemoteSwiftPackageReference section */

/* Begin XCSwiftPackageProductDependency section */
		21AEAE366289FC5CF167AA80 /* CucumberSwift */ = {
			isa = XCSwiftPackageProductDependency;
			package = AA86C6194623D5A4389C0BB9 /* XCRemoteSwiftPackageReference "CucumberSwift" */;
			productName = CucumberSwift;
		};
		A5DE66BC55DA1599797AED2D /* CucumberSwift */ = {
			isa = XCSwiftPackageProductDependency;
			package = AA86C6194623D5A4389C0BB9 /* XCRemoteSwiftPackageReference "CucumberSwift" */;
			productName = CucumberSwift;
		};
/* End XCSwiftPackageProductDependency section */
	};
	rootObject = 310350A90A5B15910AA16428 /* Project object */;
}
